{
    "_readme": [
        "This file locks the dependencies of your project to a known state",
        "Read more about it at https://getcomposer.org/doc/01-basic-usage.md#installing-dependencies",
        "This file is @generated automatically"
    ],
    "content-hash": "9cbb2557086952252dc7660c1462094a",
    "packages": [
        {
            "name": "adhocore/cli",
            "version": "0.9.1",
            "source": {
                "type": "git",
                "url": "https://github.com/adhocore/php-cli.git",
                "reference": "e2e06d080c5fcefbe11a448cc4f87f7b144e8d35"
            },
            "dist": {
                "type": "zip",
                "url": "https://api.github.com/repos/adhocore/php-cli/zipball/e2e06d080c5fcefbe11a448cc4f87f7b144e8d35",
                "reference": "e2e06d080c5fcefbe11a448cc4f87f7b144e8d35",
                "shasum": ""
            },
            "require": {
                "php": ">=7.0"
            },
            "require-dev": {
                "phpunit/phpunit": "^6.0"
            },
            "type": "library",
            "autoload": {
                "psr-4": {
                    "Ahc\\Cli\\": "src/"
                }
            },
            "notification-url": "https://packagist.org/downloads/",
            "license": [
                "MIT"
            ],
            "authors": [
                {
                    "name": "Jitendra Adhikari",
                    "email": "jiten.adhikary@gmail.com"
                }
            ],
            "description": "Command line interface library for PHP",
            "keywords": [
                "PHP7",
                "argument-parser",
                "argv-parser",
                "cli",
                "cli-action",
                "cli-app",
                "cli-color",
                "cli-option",
                "cli-writer",
                "command",
                "console",
                "console-app",
                "php-cli",
                "stream-input",
                "stream-output"
            ],
            "support": {
                "issues": "https://github.com/adhocore/php-cli/issues",
                "source": "https://github.com/adhocore/php-cli/tree/0.9.1"
            },
            "funding": [
                {
                    "url": "https://paypal.me/ji10",
                    "type": "custom"
                }
            ],
            "time": "2022-02-18T05:09:37+00:00"
        },
        {
            "name": "flightphp/active-record",
            "version": "v0.4.7",
            "source": {
                "type": "git",
                "url": "https://github.com/flightphp/active-record.git",
                "reference": "cc90316fd24125fec9bb5b5f4a48afc07c2f9e37"
            },
            "dist": {
                "type": "zip",
                "url": "https://api.github.com/repos/flightphp/active-record/zipball/cc90316fd24125fec9bb5b5f4a48afc07c2f9e37",
                "reference": "cc90316fd24125fec9bb5b5f4a48afc07c2f9e37",
                "shasum": ""
            },
            "require": {
                "php": ">=7.4"
            },
            "require-dev": {
                "ext-pdo_sqlite": "*",
                "flightphp/runway": "^0.2",
                "phpunit/phpunit": "^9.0",
                "rregeer/phpunit-coverage-check": "^0.3.1",
                "squizlabs/php_codesniffer": "^3.8"
            },
            "type": "library",
            "autoload": {
                "psr-4": {
                    "flight\\": "src/"
                }
            },
            "notification-url": "https://packagist.org/downloads/",
            "license": [
                "MIT"
            ],
            "authors": [
                {
                    "name": "Lloyd Zhou",
                    "email": "lloydzhou@qq.com",
                    "homepage": "https://lloydzhou.github.io/",
                    "role": "Original Developer"
                },
                {
                    "name": "n0nag0n",
                    "email": "n0nag0n@sky-9.com",
                    "role": "Maintainer"
                }
            ],
            "description": "Micro Active Record library in PHP, support chain calls, events, and relations.",
            "homepage": "https://docs.flightphp.com",
            "keywords": [
                "Active Record",
                "Simple",
                "database",
                "lite",
                "micro",
                "orm",
                "pdo",
                "relation"
            ],
            "support": {
                "issues": "https://github.com/flightphp/active-record/issues",
                "source": "https://github.com/flightphp/active-record/tree/v0.4.7"
            },
            "time": "2024-05-26T04:53:13+00:00"
        },
        {
            "name": "flightphp/core",
            "version": "v3.10.1",
            "source": {
                "type": "git",
                "url": "https://github.com/flightphp/core.git",
                "reference": "39ac87c54bd567c5fd326d1126aace7e386f7ed0"
            },
            "dist": {
                "type": "zip",
                "url": "https://api.github.com/repos/flightphp/core/zipball/39ac87c54bd567c5fd326d1126aace7e386f7ed0",
                "reference": "39ac87c54bd567c5fd326d1126aace7e386f7ed0",
                "shasum": ""
            },
            "require": {
                "ext-json": "*",
                "php": ">=7.4"
            },
            "replace": {
                "mikecao/flight": "2.0.2"
            },
            "require-dev": {
                "ext-pdo_sqlite": "*",
                "flightphp/runway": "^0.2.0",
                "league/container": "^4.2",
                "level-2/dice": "^4.0",
                "phpstan/extension-installer": "^1.3",
                "phpstan/phpstan": "^1.10",
                "phpunit/phpunit": "^9.5",
                "rregeer/phpunit-coverage-check": "^0.3.1",
                "squizlabs/php_codesniffer": "^3.8"
            },
            "suggest": {
                "latte/latte": "Latte template engine",
                "phpstan/phpstan": "PHP Static Analyzer",
                "tracy/tracy": "Tracy debugger"
            },
            "type": "library",
            "autoload": {
                "files": [
                    "flight/autoload.php"
                ]
            },
            "notification-url": "https://packagist.org/downloads/",
            "license": [
                "MIT"
            ],
            "authors": [
                {
                    "name": "Mike Cao",
                    "email": "mike@mikecao.com",
                    "homepage": "http://www.mikecao.com/",
                    "role": "Original Developer"
                },
                {
                    "name": "Franyer Sánchez",
                    "email": "franyeradriansanchez@gmail.com",
                    "homepage": "https://faslatam.000webhostapp.com",
                    "role": "Maintainer"
                },
                {
                    "name": "n0nag0n",
                    "email": "n0nag0n@sky-9.com",
                    "role": "Maintainer"
                }
            ],
            "description": "Flight is a fast, simple, extensible framework for PHP. Flight enables you to quickly and easily build RESTful web applications. This is the maintained fork of mikecao/flight",
            "homepage": "http://flightphp.com",
            "support": {
                "issues": "https://github.com/flightphp/core/issues",
                "source": "https://github.com/flightphp/core/tree/v3.10.1"
            },
            "time": "2024-06-03T15:18:17+00:00"
        },
        {
            "name": "flightphp/permissions",
            "version": "v0.1.0",
            "source": {
                "type": "git",
                "url": "https://github.com/flightphp/permissions.git",
                "reference": "c2f35f5f5149a72a58d7f1b2ba9927abc0146436"
            },
            "dist": {
                "type": "zip",
                "url": "https://api.github.com/repos/flightphp/permissions/zipball/c2f35f5f5149a72a58d7f1b2ba9927abc0146436",
                "reference": "c2f35f5f5149a72a58d7f1b2ba9927abc0146436",
                "shasum": ""
            },
            "require": {
                "php": ">=7.4"
            },
            "require-dev": {
                "flightphp/core": "^3.10",
                "phpunit/phpunit": "^9.0",
                "rregeer/phpunit-coverage-check": "^0.3.1",
                "squizlabs/php_codesniffer": "^3.8",
                "wruczek/php-file-cache": "^0.0.5"
            },
            "type": "library",
            "autoload": {
                "psr-4": {
                    "flight\\": "src/"
                }
            },
            "notification-url": "https://packagist.org/downloads/",
            "license": [
                "MIT"
            ],
            "authors": [
                {
                    "name": "n0nag0n",
                    "email": "n0nag0n@sky-9.com",
                    "role": "Owner"
                }
            ],
            "description": "Library for managing permissions in Flight Applications",
            "homepage": "https://docs.flightphp.com",
            "keywords": [
                "Authentication",
                "Simple",
                "lite",
                "permissions"
            ],
            "support": {
                "issues": "https://github.com/flightphp/permissions/issues",
                "source": "https://github.com/flightphp/permissions/tree/v0.1.0"
            },
            "time": "2024-06-04T05:24:24+00:00"
        },
        {
            "name": "flightphp/runway",
            "version": "v0.2.3",
            "source": {
                "type": "git",
                "url": "https://github.com/flightphp/runway.git",
                "reference": "59473ea561856f1f9d8ce93513ffab861989fd93"
            },
            "dist": {
                "type": "zip",
                "url": "https://api.github.com/repos/flightphp/runway/zipball/59473ea561856f1f9d8ce93513ffab861989fd93",
                "reference": "59473ea561856f1f9d8ce93513ffab861989fd93",
                "shasum": ""
            },
            "require": {
                "adhocore/cli": "^0.9.1",
                "nette/php-generator": "^3.6"
            },
            "require-dev": {
                "phpstan/extension-installer": "^1.3",
                "phpstan/phpstan": "^1.10",
                "phpunit/phpunit": "^9.5",
                "rregeer/phpunit-coverage-check": "^0.3.1",
                "squizlabs/php_codesniffer": "^3.8"
            },
            "bin": [
                "runway"
            ],
            "type": "library",
            "autoload": {
                "psr-4": {
                    "flight\\": "src/"
                }
            },
            "notification-url": "https://packagist.org/downloads/",
            "license": [
                "MIT"
            ],
            "authors": [
                {
                    "name": "n0nag0n",
                    "email": "n0nag0n@sky-9.com"
                }
            ],
            "description": "Console app for the Flight PHP Framework.",
            "support": {
                "issues": "https://github.com/flightphp/runway/issues",
                "source": "https://github.com/flightphp/runway/tree/v0.2.3"
            },
            "time": "2024-05-09T04:48:27+00:00"
        },
        {
            "name": "ghostff/session",
            "version": "v2.1.0",
            "source": {
                "type": "git",
                "url": "https://github.com/Ghostff/Session.git",
                "reference": "d8f1e50a7382308d8f9a7d5b3004fb3158c94f1d"
            },
            "dist": {
                "type": "zip",
                "url": "https://api.github.com/repos/Ghostff/Session/zipball/d8f1e50a7382308d8f9a7d5b3004fb3158c94f1d",
                "reference": "d8f1e50a7382308d8f9a7d5b3004fb3158c94f1d",
                "shasum": ""
            },
            "require": {
                "php": ">=7.4"
            },
            "require-dev": {
                "phpunit/phpunit": "^8"
            },
            "type": "library",
            "autoload": {
                "psr-4": {
                    "Ghostff\\Session\\": "src/"
                }
            },
            "notification-url": "https://packagist.org/downloads/",
            "license": [
                "0BSD"
            ],
            "authors": [
                {
                    "name": "ghostff",
                    "email": "frankchris@hotmail.com"
                }
            ],
            "description": "PHP Session Manager (non-blocking, flash, segment, session encryption).",
            "keywords": [
                "memcached",
                "non-blocking",
                "redis",
                "secured-session",
                "segment",
                "session",
                "session-manger",
                "sql"
            ],
            "support": {
                "issues": "https://github.com/Ghostff/Session/issues",
                "source": "https://github.com/Ghostff/Session/tree/v2.1.0"
            },
            "time": "2023-06-02T02:00:37+00:00"
        },
        {
            "name": "latte/latte",
            "version": "v2.11.7",
            "source": {
                "type": "git",
                "url": "https://github.com/nette/latte.git",
                "reference": "0ac0843a459790d471821f6a82f5d13db831a0d3"
            },
            "dist": {
                "type": "zip",
                "url": "https://api.github.com/repos/nette/latte/zipball/0ac0843a459790d471821f6a82f5d13db831a0d3",
                "reference": "0ac0843a459790d471821f6a82f5d13db831a0d3",
                "shasum": ""
            },
            "require": {
                "ext-json": "*",
                "ext-tokenizer": "*",
                "php": "7.1 - 8.3"
            },
            "conflict": {
                "nette/application": "<2.4.1"
            },
            "require-dev": {
                "nette/php-generator": "^3.3.4",
                "nette/tester": "^2.0",
                "nette/utils": "^3.0",
                "phpstan/phpstan": "^1",
                "tracy/tracy": "^2.3"
            },
            "suggest": {
                "ext-fileinfo": "to use filter |datastream",
                "ext-iconv": "to use filters |reverse, |substring",
                "ext-mbstring": "to use filters like lower, upper, capitalize, ...",
                "nette/php-generator": "to use tag {templatePrint}",
                "nette/utils": "to use filter |webalize"
            },
            "bin": [
                "bin/latte-lint"
            ],
            "type": "library",
            "extra": {
                "branch-alias": {
                    "dev-master": "2.11-dev"
                }
            },
            "autoload": {
                "classmap": [
                    "src/"
                ]
            },
            "notification-url": "https://packagist.org/downloads/",
            "license": [
                "BSD-3-Clause",
                "GPL-2.0-only",
                "GPL-3.0-only"
            ],
            "authors": [
                {
                    "name": "David Grudl",
                    "homepage": "https://davidgrudl.com"
                },
                {
                    "name": "Nette Community",
                    "homepage": "https://nette.org/contributors"
                }
            ],
            "description": "☕ Latte: the intuitive and fast template engine for those who want the most secure PHP sites. Introduces context-sensitive escaping.",
            "homepage": "https://latte.nette.org",
            "keywords": [
                "context-sensitive",
                "engine",
                "escaping",
                "html",
                "nette",
                "security",
                "template",
                "twig"
            ],
            "support": {
                "issues": "https://github.com/nette/latte/issues",
                "source": "https://github.com/nette/latte/tree/v2.11.7"
            },
            "time": "2023-10-18T17:16:11+00:00"
        },
        {
            "name": "nette/php-generator",
            "version": "v3.6.9",
            "source": {
                "type": "git",
                "url": "https://github.com/nette/php-generator.git",
                "reference": "d31782f7bd2ae84ad06f863391ec3fb77ca4d0a6"
            },
            "dist": {
                "type": "zip",
                "url": "https://api.github.com/repos/nette/php-generator/zipball/d31782f7bd2ae84ad06f863391ec3fb77ca4d0a6",
                "reference": "d31782f7bd2ae84ad06f863391ec3fb77ca4d0a6",
                "shasum": ""
            },
            "require": {
                "nette/utils": "^3.1.2",
                "php": ">=7.2 <8.3"
            },
            "require-dev": {
                "nette/tester": "^2.4",
                "nikic/php-parser": "^4.13",
                "phpstan/phpstan": "^0.12",
                "tracy/tracy": "^2.8"
            },
            "suggest": {
                "nikic/php-parser": "to use ClassType::withBodiesFrom() & GlobalFunction::withBodyFrom()"
            },
            "type": "library",
            "extra": {
                "branch-alias": {
                    "dev-master": "3.6-dev"
                }
            },
            "autoload": {
                "classmap": [
                    "src/"
                ]
            },
            "notification-url": "https://packagist.org/downloads/",
            "license": [
                "BSD-3-Clause",
                "GPL-2.0-only",
                "GPL-3.0-only"
            ],
            "authors": [
                {
                    "name": "David Grudl",
                    "homepage": "https://davidgrudl.com"
                },
                {
                    "name": "Nette Community",
                    "homepage": "https://nette.org/contributors"
                }
            ],
            "description": "🐘 Nette PHP Generator: generates neat PHP code for you. Supports new PHP 8.1 features.",
            "homepage": "https://nette.org",
            "keywords": [
                "code",
                "nette",
                "php",
                "scaffolding"
            ],
            "support": {
                "issues": "https://github.com/nette/php-generator/issues",
                "source": "https://github.com/nette/php-generator/tree/v3.6.9"
            },
            "time": "2022-10-04T11:49:47+00:00"
        },
        {
            "name": "nette/utils",
            "version": "v3.2.10",
            "source": {
                "type": "git",
                "url": "https://github.com/nette/utils.git",
                "reference": "a4175c62652f2300c8017fb7e640f9ccb11648d2"
            },
            "dist": {
                "type": "zip",
                "url": "https://api.github.com/repos/nette/utils/zipball/a4175c62652f2300c8017fb7e640f9ccb11648d2",
                "reference": "a4175c62652f2300c8017fb7e640f9ccb11648d2",
                "shasum": ""
            },
            "require": {
                "php": ">=7.2 <8.4"
            },
            "conflict": {
                "nette/di": "<3.0.6"
            },
            "require-dev": {
                "jetbrains/phpstorm-attributes": "dev-master",
                "nette/tester": "~2.0",
                "phpstan/phpstan": "^1.0",
                "tracy/tracy": "^2.3"
            },
            "suggest": {
                "ext-gd": "to use Image",
                "ext-iconv": "to use Strings::webalize(), toAscii(), chr() and reverse()",
                "ext-intl": "to use Strings::webalize(), toAscii(), normalize() and compare()",
                "ext-json": "to use Nette\\Utils\\Json",
                "ext-mbstring": "to use Strings::lower() etc...",
                "ext-tokenizer": "to use Nette\\Utils\\Reflection::getUseStatements()",
                "ext-xml": "to use Strings::length() etc. when mbstring is not available"
            },
            "type": "library",
            "extra": {
                "branch-alias": {
                    "dev-master": "3.2-dev"
                }
            },
            "autoload": {
                "classmap": [
                    "src/"
                ]
            },
            "notification-url": "https://packagist.org/downloads/",
            "license": [
                "BSD-3-Clause",
                "GPL-2.0-only",
                "GPL-3.0-only"
            ],
            "authors": [
                {
                    "name": "David Grudl",
                    "homepage": "https://davidgrudl.com"
                },
                {
                    "name": "Nette Community",
                    "homepage": "https://nette.org/contributors"
                }
            ],
            "description": "🛠  Nette Utils: lightweight utilities for string & array manipulation, image handling, safe JSON encoding/decoding, validation, slug or strong password generating etc.",
            "homepage": "https://nette.org",
            "keywords": [
                "array",
                "core",
                "datetime",
                "images",
                "json",
                "nette",
                "paginator",
                "password",
                "slugify",
                "string",
                "unicode",
                "utf-8",
                "utility",
                "validation"
            ],
            "support": {
                "issues": "https://github.com/nette/utils/issues",
                "source": "https://github.com/nette/utils/tree/v3.2.10"
            },
            "time": "2023-07-30T15:38:18+00:00"
        },
        {
            "name": "tracy/tracy",
            "version": "v2.9.8",
            "source": {
                "type": "git",
                "url": "https://github.com/nette/tracy.git",
                "reference": "d84fb3ca4e9fa5a9352e6d18f0b8cd767f25901e"
            },
            "dist": {
                "type": "zip",
                "url": "https://api.github.com/repos/nette/tracy/zipball/d84fb3ca4e9fa5a9352e6d18f0b8cd767f25901e",
                "reference": "d84fb3ca4e9fa5a9352e6d18f0b8cd767f25901e",
                "shasum": ""
            },
            "require": {
                "ext-json": "*",
                "ext-session": "*",
                "php": ">=7.2 <8.3"
            },
            "conflict": {
                "nette/di": "<3.0"
            },
            "require-dev": {
                "latte/latte": "^2.5",
                "nette/di": "^3.0",
                "nette/mail": "^3.0",
                "nette/tester": "^2.2",
                "nette/utils": "^3.0",
                "phpstan/phpstan": "^1.0",
                "psr/log": "^1.0 || ^2.0 || ^3.0"
            },
            "type": "library",
            "extra": {
                "branch-alias": {
                    "dev-master": "2.9-dev"
                }
            },
            "autoload": {
                "files": [
                    "src/Tracy/functions.php"
                ],
                "classmap": [
                    "src"
                ]
            },
            "notification-url": "https://packagist.org/downloads/",
            "license": [
                "BSD-3-Clause"
            ],
            "authors": [
                {
                    "name": "David Grudl",
                    "homepage": "https://davidgrudl.com"
                },
                {
                    "name": "Nette Community",
                    "homepage": "https://nette.org/contributors"
                }
            ],
            "description": "😎  Tracy: the addictive tool to ease debugging PHP code for cool developers. Friendly design, logging, profiler, advanced features like debugging AJAX calls or CLI support. You will love it.",
            "homepage": "https://tracy.nette.org",
            "keywords": [
                "Xdebug",
                "debug",
                "debugger",
                "nette",
                "profiler"
            ],
            "support": {
                "issues": "https://github.com/nette/tracy/issues",
                "source": "https://github.com/nette/tracy/tree/v2.9.8"
            },
            "time": "2023-09-25T10:36:51+00:00"
        }
    ],
    "packages-dev": [
        {
            "name": "flightphp/tracy-extensions",
            "version": "v0.1.3",
            "source": {
                "type": "git",
                "url": "https://github.com/flightphp/tracy-extensions.git",
                "reference": "7f58aad8313535797695e1935f33fb31234dcce6"
            },
            "dist": {
                "type": "zip",
                "url": "https://api.github.com/repos/flightphp/tracy-extensions/zipball/7f58aad8313535797695e1935f33fb31234dcce6",
                "reference": "7f58aad8313535797695e1935f33fb31234dcce6",
                "shasum": ""
            },
            "require": {
                "flightphp/core": "^3.0",
                "php": ">=7.4",
                "tracy/tracy": "^2.9"
            },
            "require-dev": {
                "ghostff/session": "^2.1"
            },
            "type": "library",
            "autoload": {
                "classmap": [
                    "src/"
                ]
            },
            "notification-url": "https://packagist.org/downloads/",
            "license": [
                "MIT"
            ],
            "authors": [
                {
                    "name": "n0nag0n",
                    "email": "n0nag0n@sky-9.com"
                }
            ],
            "description": "A few Flight specific extensions for Tracy Debugger to help debug your code quickly.",
            "support": {
                "issues": "https://github.com/flightphp/tracy-extensions/issues",
                "source": "https://github.com/flightphp/tracy-extensions/tree/v0.1.3"
            },
            "time": "2024-03-12T05:13:44+00:00"
        }
    ],
    "aliases": [],
    "minimum-stability": "stable",
    "stability-flags": [],
    "prefer-stable": false,
    "prefer-lowest": false,
    "platform": {
        "php": "^7.4 || ^8.0",
        "ext-json": "*"
    },
    "platform-dev": [],
    "plugin-api-version": "2.6.0"
}
